// !$*UTF8*$!
{
	archiveVersion = 1;
	classes = {
	};
	objectVersion = 70;
	objects = {

/* Begin PBXBuildFile section */
		3A1330C22CD8B0A600651237 /* ThemeHScrollV_24.swift in Sources */ = {isa = PBXBuildFile; fileRef = 3A1330C12CD8B0A600651237 /* ThemeHScrollV_24.swift */; };
		3A16F7E82C0650190057C123 /* Array+Ext.swift in Sources */ = {isa = PBXBuildFile; fileRef = 3A16F7E72C0650190057C123 /* Array+Ext.swift */; };
		3A22178F2CA388AF007054AF /* HomeScreenVM_1.swift in Sources */ = {isa = PBXBuildFile; fileRef = 3A22178E2CA388AF007054AF /* HomeScreenVM_1.swift */; };
		3A3B27FA2D2C57F900448FA5 /* ThemeManager_22.swift in Sources */ = {isa = PBXBuildFile; fileRef = 3A3B27F92D2C57F900448FA5 /* ThemeManager_22.swift */; };
		3A42F1732C79B419002EE7FE /* Universal_func.swift in Sources */ = {isa = PBXBuildFile; fileRef = 3A42F1722C79B419002EE7FE /* Universal_func.swift */; };
		3A4665102D3E12D900416ECA /* ReminderScreen.swift in Sources */ = {isa = PBXBuildFile; fileRef = 3A46650F2D3E12D900416ECA /* ReminderScreen.swift */; };
		3A4665152D3EFDCB00416ECA /* LikeQuote.swift in Sources */ = {isa = PBXBuildFile; fileRef = 3A4665142D3EFDCB00416ECA /* LikeQuote.swift */; };
		3A4665252D3F7B4F00416ECA /* LikeQuoteScreen.swift in Sources */ = {isa = PBXBuildFile; fileRef = 3A4665242D3F7B4F00416ECA /* LikeQuoteScreen.swift */; };
		3A4665272D3F7F8000416ECA /* CaptionView.swift in Sources */ = {isa = PBXBuildFile; fileRef = 3A4665262D3F7F8000416ECA /* CaptionView.swift */; };
		3A46C2FA2C82D80A00CA824D /* UploadScreen_16.swift in Sources */ = {isa = PBXBuildFile; fileRef = 3A46C2F92C82D80A00CA824D /* UploadScreen_16.swift */; };
		3A4779A92C93C84600D68F6B /* CateQuotesScreen_18.swift in Sources */ = {isa = PBXBuildFile; fileRef = 3A4779A82C93C84600D68F6B /* CateQuotesScreen_18.swift */; };
		3A4D35292C765CF300DC44C8 /* ServiceUpload_15.swift in Sources */ = {isa = PBXBuildFile; fileRef = 3A4D35282C765CF300DC44C8 /* ServiceUpload_15.swift */; };
		3A4D352B2C76AB0200DC44C8 /* String+Ext.swift in Sources */ = {isa = PBXBuildFile; fileRef = 3A4D352A2C76AB0200DC44C8 /* String+Ext.swift */; };
		3A522B8F2C60A1ED00B98D24 /* ThemeImgView.swift in Sources */ = {isa = PBXBuildFile; fileRef = 3A522B8E2C60A1ED00B98D24 /* ThemeImgView.swift */; };
		3A522B942C60A3C900B98D24 /* ContBtnView.swift in Sources */ = {isa = PBXBuildFile; fileRef = 3A522B932C60A3C900B98D24 /* ContBtnView.swift */; };
		3A522B962C60A9AD00B98D24 /* Notes.swift in Sources */ = {isa = PBXBuildFile; fileRef = 3A522B952C60A9AD00B98D24 /* Notes.swift */; };
		3A783FD42C8591560061BF87 /* HelperUpload_23.swift in Sources */ = {isa = PBXBuildFile; fileRef = 3A783FD32C8591560061BF87 /* HelperUpload_23.swift */; };
		3A78D6DC2C656D4800017985 /* WidgetScreen_9.swift in Sources */ = {isa = PBXBuildFile; fileRef = 3A78D6DB2C656D4800017985 /* WidgetScreen_9.swift */; };
		3A78D6DE2C656D5800017985 /* PaywallScreen_12.swift in Sources */ = {isa = PBXBuildFile; fileRef = 3A78D6DD2C656D5800017985 /* PaywallScreen_12.swift */; };
		3A7CF53C2D30530500A23C4E /* FictionOption.swift in Sources */ = {isa = PBXBuildFile; fileRef = 3A7CF53B2D30530500A23C4E /* FictionOption.swift */; };
		3A82E8D52CD9F80800C61383 /* ThemeCell.swift in Sources */ = {isa = PBXBuildFile; fileRef = 3A82E8D42CD9F80800C61383 /* ThemeCell.swift */; };
		3A82E8D72CDA1B9A00C61383 /* AllThemeScreen_20.swift in Sources */ = {isa = PBXBuildFile; fileRef = 3A82E8D62CDA1B9A00C61383 /* AllThemeScreen_20.swift */; };
		3A83707E2C883B220035F294 /* ExtractTitleAndCate.swift in Sources */ = {isa = PBXBuildFile; fileRef = 3A83707D2C883B220035F294 /* ExtractTitleAndCate.swift */; };
		3A83D3A52CDCC2A000FA0866 /* View+Ext.swift in Sources */ = {isa = PBXBuildFile; fileRef = 3A83D3A42CDCC2A000FA0866 /* View+Ext.swift */; };
		3A9513422CDB151600DA0EFC /* Theme.swift in Sources */ = {isa = PBXBuildFile; fileRef = 3A9513412CDB151600DA0EFC /* Theme.swift */; };
		3A9521532D3CDE890055EAFA /* Date+Ext.swift in Sources */ = {isa = PBXBuildFile; fileRef = 3A9521522D3CDE890055EAFA /* Date+Ext.swift */; };
		3A9521552D3D01350055EAFA /* ProfileScreen.swift in Sources */ = {isa = PBXBuildFile; fileRef = 3A9521542D3D01350055EAFA /* ProfileScreen.swift */; };
		3A9B49172D34F5EE00C97FF4 /* EmailScreen_25.swift in Sources */ = {isa = PBXBuildFile; fileRef = 3A9B49162D34F5EE00C97FF4 /* EmailScreen_25.swift */; };
		3A9B49192D34FD1700C97FF4 /* LoginScreen_26.swift in Sources */ = {isa = PBXBuildFile; fileRef = 3A9B49182D34FD1700C97FF4 /* LoginScreen_26.swift */; };
		3A9B491D2D35232A00C97FF4 /* ThemeBtnView.swift in Sources */ = {isa = PBXBuildFile; fileRef = 3A9B491C2D35232A00C97FF4 /* ThemeBtnView.swift */; };
		3A9C01C72C010B4C009F23EC /* Quote.swift in Sources */ = {isa = PBXBuildFile; fileRef = 3A9C01C62C010B4B009F23EC /* Quote.swift */; };
		3A9C01CA2C0116E0009F23EC /* CateTitle.swift in Sources */ = {isa = PBXBuildFile; fileRef = 3A9C01C92C0116E0009F23EC /* CateTitle.swift */; };
		3A9C01CD2C01C5CA009F23EC /* Cate3_Mood.swift in Sources */ = {isa = PBXBuildFile; fileRef = 3A9C01CC2C01C5CA009F23EC /* Cate3_Mood.swift */; };
		3A9C01CF2C01C5E4009F23EC /* Cate2_Hard.swift in Sources */ = {isa = PBXBuildFile; fileRef = 3A9C01CE2C01C5E4009F23EC /* Cate2_Hard.swift */; };
		3A9C01D12C01E55D009F23EC /* Cate7_Calm.swift in Sources */ = {isa = PBXBuildFile; fileRef = 3A9C01D02C01E55D009F23EC /* Cate7_Calm.swift */; };
		3A9C01D32C01E574009F23EC /* Cate4_Prod.swift in Sources */ = {isa = PBXBuildFile; fileRef = 3A9C01D22C01E574009F23EC /* Cate4_Prod.swift */; };
		3A9C01D52C01E58A009F23EC /* Cate5_Relation.swift in Sources */ = {isa = PBXBuildFile; fileRef = 3A9C01D42C01E58A009F23EC /* Cate5_Relation.swift */; };
		3A9C01D72C01E59B009F23EC /* Cate6_Sport.swift in Sources */ = {isa = PBXBuildFile; fileRef = 3A9C01D62C01E59B009F23EC /* Cate6_Sport.swift */; };
		3A9C01D92C01E5AC009F23EC /* Cate1_LoveSelf.swift in Sources */ = {isa = PBXBuildFile; fileRef = 3A9C01D82C01E5AC009F23EC /* Cate1_LoveSelf.swift */; };
		3A9C01DB2C01E5BD009F23EC /* Cate8_Zodiac.swift in Sources */ = {isa = PBXBuildFile; fileRef = 3A9C01DA2C01E5BD009F23EC /* Cate8_Zodiac.swift */; };
		3AC128DD2BFFB8EC0089893E /* FeedCellScr_2.swift in Sources */ = {isa = PBXBuildFile; fileRef = 3AC128DC2BFFB8EC0089893E /* FeedCellScr_2.swift */; };
		3AC128DF2BFFBD830089893E /* InfoScreen_3.swift in Sources */ = {isa = PBXBuildFile; fileRef = 3AC128DE2BFFBD830089893E /* InfoScreen_3.swift */; };
		3AC128E12BFFBFEA0089893E /* CategoryScreen_4.swift in Sources */ = {isa = PBXBuildFile; fileRef = 3AC128E02BFFBFEA0089893E /* CategoryScreen_4.swift */; };
		3AC8051E2C2E2A0F00D2410F /* TimeScreen_11.swift in Sources */ = {isa = PBXBuildFile; fileRef = 3AC8051D2C2E2A0F00D2410F /* TimeScreen_11.swift */; };
		3AC805202C2E2C3200D2410F /* PurposeScreen_10.swift in Sources */ = {isa = PBXBuildFile; fileRef = 3AC8051F2C2E2C3200D2410F /* PurposeScreen_10.swift */; };
		3AC805222C2E2DCE00D2410F /* MainScreen.swift in Sources */ = {isa = PBXBuildFile; fileRef = 3AC805212C2E2DCE00D2410F /* MainScreen.swift */; };
		3ACB03DA2BFEA9C6002584A9 /* Daily_BoostApp.swift in Sources */ = {isa = PBXBuildFile; fileRef = 3ACB03D92BFEA9C6002584A9 /* Daily_BoostApp.swift */; };
		3ACB03DE2BFEA9C8002584A9 /* Assets.xcassets in Resources */ = {isa = PBXBuildFile; fileRef = 3ACB03DD2BFEA9C8002584A9 /* Assets.xcassets */; };
		3ACB03E12BFEA9C8002584A9 /* Preview Assets.xcassets in Resources */ = {isa = PBXBuildFile; fileRef = 3ACB03E02BFEA9C8002584A9 /* Preview Assets.xcassets */; };
		3ACB03EB2BFEA9C8002584A9 /* Daily_BoostTests.swift in Sources */ = {isa = PBXBuildFile; fileRef = 3ACB03EA2BFEA9C8002584A9 /* Daily_BoostTests.swift */; };
		3ACB03F52BFEA9C8002584A9 /* Daily_BoostUITests.swift in Sources */ = {isa = PBXBuildFile; fileRef = 3ACB03F42BFEA9C8002584A9 /* Daily_BoostUITests.swift */; };
		3ACB03F72BFEA9C8002584A9 /* Daily_BoostUITestsLaunchTests.swift in Sources */ = {isa = PBXBuildFile; fileRef = 3ACB03F62BFEA9C8002584A9 /* Daily_BoostUITestsLaunchTests.swift */; };
		3ACB04042BFEA9EE002584A9 /* HomeScreen.swift in Sources */ = {isa = PBXBuildFile; fileRef = 3ACB04032BFEA9EE002584A9 /* HomeScreen.swift */; };
		3ACB04082BFF1D74002584A9 /* UIScreen+Ext.swift in Sources */ = {isa = PBXBuildFile; fileRef = 3ACB04072BFF1D74002584A9 /* UIScreen+Ext.swift */; };
		3ACE09A02C03C64B00DB9ED6 /* ThemeScreen_8.swift in Sources */ = {isa = PBXBuildFile; fileRef = 3ACE099F2C03C64A00DB9ED6 /* ThemeScreen_8.swift */; };
		3ACE09A42C0404B300DB9ED6 /* GoogleService-Info.plist in Resources */ = {isa = PBXBuildFile; fileRef = 3ACE09A32C0404B300DB9ED6 /* GoogleService-Info.plist */; };
		3ACE09A72C04054600DB9ED6 /* FirebaseAuth in Frameworks */ = {isa = PBXBuildFile; productRef = 3ACE09A62C04054600DB9ED6 /* FirebaseAuth */; };
		3ACE09A92C04054600DB9ED6 /* FirebaseCrashlytics in Frameworks */ = {isa = PBXBuildFile; productRef = 3ACE09A82C04054600DB9ED6 /* FirebaseCrashlytics */; };
		3ACE09AB2C04054600DB9ED6 /* FirebaseDatabase in Frameworks */ = {isa = PBXBuildFile; productRef = 3ACE09AA2C04054600DB9ED6 /* FirebaseDatabase */; };
		3ACE09AD2C04054600DB9ED6 /* FirebaseDatabaseSwift in Frameworks */ = {isa = PBXBuildFile; productRef = 3ACE09AC2C04054600DB9ED6 /* FirebaseDatabaseSwift */; };
		3ACE09AF2C04054600DB9ED6 /* FirebaseFirestore in Frameworks */ = {isa = PBXBuildFile; productRef = 3ACE09AE2C04054600DB9ED6 /* FirebaseFirestore */; };
		3ACE09B12C04054600DB9ED6 /* FirebaseFirestoreSwift in Frameworks */ = {isa = PBXBuildFile; productRef = 3ACE09B02C04054600DB9ED6 /* FirebaseFirestoreSwift */; };
		3ACE09B32C04054600DB9ED6 /* FirebaseStorage in Frameworks */ = {isa = PBXBuildFile; productRef = 3ACE09B22C04054600DB9ED6 /* FirebaseStorage */; };
		3ACE09B82C04082600DB9ED6 /* ServiceFetch_14.swift in Sources */ = {isa = PBXBuildFile; fileRef = 3ACE09B72C04082600DB9ED6 /* ServiceFetch_14.swift */; };
		3ACE09BF2C0491A000DB9ED6 /* CONSTANTS.swift in Sources */ = {isa = PBXBuildFile; fileRef = 3ACE09BE2C04919F00DB9ED6 /* CONSTANTS.swift */; };
		3ADE821F2C751719003CB135 /* LoadingView.swift in Sources */ = {isa = PBXBuildFile; fileRef = 3ADE821E2C751719003CB135 /* LoadingView.swift */; };
		3AE349D42C71E5580010D4D9 /* User.swift in Sources */ = {isa = PBXBuildFile; fileRef = 3AE349D32C71E5580010D4D9 /* User.swift */; };
		3AE349D62C71EC040010D4D9 /* AuthService_13.swift in Sources */ = {isa = PBXBuildFile; fileRef = 3AE349D52C71EC040010D4D9 /* AuthService_13.swift */; };
		3AEC2B822C005B1D00381A8B /* SettingScreen_6.swift in Sources */ = {isa = PBXBuildFile; fileRef = 3AEC2B812C005B1D00381A8B /* SettingScreen_6.swift */; };
		3AF788D92D3A3923001BB1A4 /* ForgotPassView.swift in Sources */ = {isa = PBXBuildFile; fileRef = 3AF788D82D3A3923001BB1A4 /* ForgotPassView.swift */; };
		3AFB20052CDABA9E006E51E9 /* ThemeWallpaper.swift in Sources */ = {isa = PBXBuildFile; fileRef = 3AFB20042CDABA9E006E51E9 /* ThemeWallpaper.swift */; };
/* End PBXBuildFile section */

/* Begin PBXContainerItemProxy section */
		3ACB03E72BFEA9C8002584A9 /* PBXContainerItemProxy */ = {
			isa = PBXContainerItemProxy;
			containerPortal = 3ACB03CE2BFEA9C6002584A9 /* Project object */;
			proxyType = 1;
			remoteGlobalIDString = 3ACB03D52BFEA9C6002584A9;
			remoteInfo = "Daily Boost";
		};
		3ACB03F12BFEA9C8002584A9 /* PBXContainerItemProxy */ = {
			isa = PBXContainerItemProxy;
			containerPortal = 3ACB03CE2BFEA9C6002584A9 /* Project object */;
			proxyType = 1;
			remoteGlobalIDString = 3ACB03D52BFEA9C6002584A9;
			remoteInfo = "Daily Boost";
		};
/* End PBXContainerItemProxy section */

/* Begin PBXFileReference section */
		3A1330C12CD8B0A600651237 /* ThemeHScrollV_24.swift */ = {isa = PBXFileReference; lastKnownFileType = sourcecode.swift; path = ThemeHScrollV_24.swift; sourceTree = "<group>"; };
		3A16F7E72C0650190057C123 /* Array+Ext.swift */ = {isa = PBXFileReference; lastKnownFileType = sourcecode.swift; path = "Array+Ext.swift"; sourceTree = "<group>"; };
		3A22178E2CA388AF007054AF /* HomeScreenVM_1.swift */ = {isa = PBXFileReference; lastKnownFileType = sourcecode.swift; path = HomeScreenVM_1.swift; sourceTree = "<group>"; };
		3A3B27F92D2C57F900448FA5 /* ThemeManager_22.swift */ = {isa = PBXFileReference; lastKnownFileType = sourcecode.swift; path = ThemeManager_22.swift; sourceTree = "<group>"; };
		3A42F1722C79B419002EE7FE /* Universal_func.swift */ = {isa = PBXFileReference; lastKnownFileType = sourcecode.swift; path = Universal_func.swift; sourceTree = "<group>"; };
		3A46650F2D3E12D900416ECA /* ReminderScreen.swift */ = {isa = PBXFileReference; lastKnownFileType = sourcecode.swift; path = ReminderScreen.swift; sourceTree = "<group>"; };
		3A4665142D3EFDCB00416ECA /* LikeQuote.swift */ = {isa = PBXFileReference; lastKnownFileType = sourcecode.swift; path = LikeQuote.swift; sourceTree = "<group>"; };
		3A4665242D3F7B4F00416ECA /* LikeQuoteScreen.swift */ = {isa = PBXFileReference; lastKnownFileType = sourcecode.swift; path = LikeQuoteScreen.swift; sourceTree = "<group>"; };
		3A4665262D3F7F8000416ECA /* CaptionView.swift */ = {isa = PBXFileReference; lastKnownFileType = sourcecode.swift; path = CaptionView.swift; sourceTree = "<group>"; };
		3A46C2F92C82D80A00CA824D /* UploadScreen_16.swift */ = {isa = PBXFileReference; lastKnownFileType = sourcecode.swift; path = UploadScreen_16.swift; sourceTree = "<group>"; };
		3A4779A82C93C84600D68F6B /* CateQuotesScreen_18.swift */ = {isa = PBXFileReference; lastKnownFileType = sourcecode.swift; path = CateQuotesScreen_18.swift; sourceTree = "<group>"; };
		3A4D35282C765CF300DC44C8 /* ServiceUpload_15.swift */ = {isa = PBXFileReference; lastKnownFileType = sourcecode.swift; path = ServiceUpload_15.swift; sourceTree = "<group>"; };
		3A4D352A2C76AB0200DC44C8 /* String+Ext.swift */ = {isa = PBXFileReference; lastKnownFileType = sourcecode.swift; path = "String+Ext.swift"; sourceTree = "<group>"; };
		3A522B8E2C60A1ED00B98D24 /* ThemeImgView.swift */ = {isa = PBXFileReference; lastKnownFileType = sourcecode.swift; path = ThemeImgView.swift; sourceTree = "<group>"; };
		3A522B932C60A3C900B98D24 /* ContBtnView.swift */ = {isa = PBXFileReference; lastKnownFileType = sourcecode.swift; path = ContBtnView.swift; sourceTree = "<group>"; };
		3A522B952C60A9AD00B98D24 /* Notes.swift */ = {isa = PBXFileReference; lastKnownFileType = sourcecode.swift; path = Notes.swift; sourceTree = "<group>"; };
		3A783FD32C8591560061BF87 /* HelperUpload_23.swift */ = {isa = PBXFileReference; lastKnownFileType = sourcecode.swift; path = HelperUpload_23.swift; sourceTree = "<group>"; };
		3A78D6DB2C656D4800017985 /* WidgetScreen_9.swift */ = {isa = PBXFileReference; lastKnownFileType = sourcecode.swift; path = WidgetScreen_9.swift; sourceTree = "<group>"; };
		3A78D6DD2C656D5800017985 /* PaywallScreen_12.swift */ = {isa = PBXFileReference; lastKnownFileType = sourcecode.swift; path = PaywallScreen_12.swift; sourceTree = "<group>"; };
		3A7CF53B2D30530500A23C4E /* FictionOption.swift */ = {isa = PBXFileReference; lastKnownFileType = sourcecode.swift; path = FictionOption.swift; sourceTree = "<group>"; };
		3A82E8D42CD9F80800C61383 /* ThemeCell.swift */ = {isa = PBXFileReference; lastKnownFileType = sourcecode.swift; path = ThemeCell.swift; sourceTree = "<group>"; };
		3A82E8D62CDA1B9A00C61383 /* AllThemeScreen_20.swift */ = {isa = PBXFileReference; lastKnownFileType = sourcecode.swift; path = AllThemeScreen_20.swift; sourceTree = "<group>"; };
		3A83707D2C883B220035F294 /* ExtractTitleAndCate.swift */ = {isa = PBXFileReference; lastKnownFileType = sourcecode.swift; path = ExtractTitleAndCate.swift; sourceTree = "<group>"; };
		3A83D3A42CDCC2A000FA0866 /* View+Ext.swift */ = {isa = PBXFileReference; lastKnownFileType = sourcecode.swift; path = "View+Ext.swift"; sourceTree = "<group>"; };
		3A9513412CDB151600DA0EFC /* Theme.swift */ = {isa = PBXFileReference; lastKnownFileType = sourcecode.swift; path = Theme.swift; sourceTree = "<group>"; };
		3A9521522D3CDE890055EAFA /* Date+Ext.swift */ = {isa = PBXFileReference; lastKnownFileType = sourcecode.swift; path = "Date+Ext.swift"; sourceTree = "<group>"; };
		3A9521542D3D01350055EAFA /* ProfileScreen.swift */ = {isa = PBXFileReference; lastKnownFileType = sourcecode.swift; path = ProfileScreen.swift; sourceTree = "<group>"; };
		3A9B49162D34F5EE00C97FF4 /* EmailScreen_25.swift */ = {isa = PBXFileReference; lastKnownFileType = sourcecode.swift; path = EmailScreen_25.swift; sourceTree = "<group>"; };
		3A9B49182D34FD1700C97FF4 /* LoginScreen_26.swift */ = {isa = PBXFileReference; lastKnownFileType = sourcecode.swift; path = LoginScreen_26.swift; sourceTree = "<group>"; };
		3A9B491C2D35232A00C97FF4 /* ThemeBtnView.swift */ = {isa = PBXFileReference; lastKnownFileType = sourcecode.swift; path = ThemeBtnView.swift; sourceTree = "<group>"; };
		3A9C01C62C010B4B009F23EC /* Quote.swift */ = {isa = PBXFileReference; lastKnownFileType = sourcecode.swift; path = Quote.swift; sourceTree = "<group>"; };
		3A9C01C92C0116E0009F23EC /* CateTitle.swift */ = {isa = PBXFileReference; lastKnownFileType = sourcecode.swift; path = CateTitle.swift; sourceTree = "<group>"; };
		3A9C01CC2C01C5CA009F23EC /* Cate3_Mood.swift */ = {isa = PBXFileReference; lastKnownFileType = sourcecode.swift; path = Cate3_Mood.swift; sourceTree = "<group>"; };
		3A9C01CE2C01C5E4009F23EC /* Cate2_Hard.swift */ = {isa = PBXFileReference; lastKnownFileType = sourcecode.swift; path = Cate2_Hard.swift; sourceTree = "<group>"; };
		3A9C01D02C01E55D009F23EC /* Cate7_Calm.swift */ = {isa = PBXFileReference; lastKnownFileType = sourcecode.swift; path = Cate7_Calm.swift; sourceTree = "<group>"; };
		3A9C01D22C01E574009F23EC /* Cate4_Prod.swift */ = {isa = PBXFileReference; lastKnownFileType = sourcecode.swift; path = Cate4_Prod.swift; sourceTree = "<group>"; };
		3A9C01D42C01E58A009F23EC /* Cate5_Relation.swift */ = {isa = PBXFileReference; lastKnownFileType = sourcecode.swift; path = Cate5_Relation.swift; sourceTree = "<group>"; };
		3A9C01D62C01E59B009F23EC /* Cate6_Sport.swift */ = {isa = PBXFileReference; lastKnownFileType = sourcecode.swift; path = Cate6_Sport.swift; sourceTree = "<group>"; };
		3A9C01D82C01E5AC009F23EC /* Cate1_LoveSelf.swift */ = {isa = PBXFileReference; lastKnownFileType = sourcecode.swift; path = Cate1_LoveSelf.swift; sourceTree = "<group>"; };
		3A9C01DA2C01E5BD009F23EC /* Cate8_Zodiac.swift */ = {isa = PBXFileReference; lastKnownFileType = sourcecode.swift; path = Cate8_Zodiac.swift; sourceTree = "<group>"; };
		3AC128DC2BFFB8EC0089893E /* FeedCellScr_2.swift */ = {isa = PBXFileReference; lastKnownFileType = sourcecode.swift; path = FeedCellScr_2.swift; sourceTree = "<group>"; };
		3AC128DE2BFFBD830089893E /* InfoScreen_3.swift */ = {isa = PBXFileReference; lastKnownFileType = sourcecode.swift; path = InfoScreen_3.swift; sourceTree = "<group>"; };
		3AC128E02BFFBFEA0089893E /* CategoryScreen_4.swift */ = {isa = PBXFileReference; lastKnownFileType = sourcecode.swift; path = CategoryScreen_4.swift; sourceTree = "<group>"; };
		3AC8051D2C2E2A0F00D2410F /* TimeScreen_11.swift */ = {isa = PBXFileReference; lastKnownFileType = sourcecode.swift; path = TimeScreen_11.swift; sourceTree = "<group>"; };
		3AC8051F2C2E2C3200D2410F /* PurposeScreen_10.swift */ = {isa = PBXFileReference; lastKnownFileType = sourcecode.swift; path = PurposeScreen_10.swift; sourceTree = "<group>"; };
		3AC805212C2E2DCE00D2410F /* MainScreen.swift */ = {isa = PBXFileReference; lastKnownFileType = sourcecode.swift; path = MainScreen.swift; sourceTree = "<group>"; };
		3ACB03D62BFEA9C6002584A9 /* Daily Boost.app */ = {isa = PBXFileReference; explicitFileType = wrapper.application; includeInIndex = 0; path = "Daily Boost.app"; sourceTree = BUILT_PRODUCTS_DIR; };
		3ACB03D92BFEA9C6002584A9 /* Daily_BoostApp.swift */ = {isa = PBXFileReference; lastKnownFileType = sourcecode.swift; path = Daily_BoostApp.swift; sourceTree = "<group>"; };
		3ACB03DD2BFEA9C8002584A9 /* Assets.xcassets */ = {isa = PBXFileReference; lastKnownFileType = folder.assetcatalog; path = Assets.xcassets; sourceTree = "<group>"; };
		3ACB03E02BFEA9C8002584A9 /* Preview Assets.xcassets */ = {isa = PBXFileReference; lastKnownFileType = folder.assetcatalog; path = "Preview Assets.xcassets"; sourceTree = "<group>"; };
		3ACB03E62BFEA9C8002584A9 /* Daily BoostTests.xctest */ = {isa = PBXFileReference; explicitFileType = wrapper.cfbundle; includeInIndex = 0; path = "Daily BoostTests.xctest"; sourceTree = BUILT_PRODUCTS_DIR; };
		3ACB03EA2BFEA9C8002584A9 /* Daily_BoostTests.swift */ = {isa = PBXFileReference; lastKnownFileType = sourcecode.swift; path = Daily_BoostTests.swift; sourceTree = "<group>"; };
		3ACB03F02BFEA9C8002584A9 /* Daily BoostUITests.xctest */ = {isa = PBXFileReference; explicitFileType = wrapper.cfbundle; includeInIndex = 0; path = "Daily BoostUITests.xctest"; sourceTree = BUILT_PRODUCTS_DIR; };
		3ACB03F42BFEA9C8002584A9 /* Daily_BoostUITests.swift */ = {isa = PBXFileReference; lastKnownFileType = sourcecode.swift; path = Daily_BoostUITests.swift; sourceTree = "<group>"; };
		3ACB03F62BFEA9C8002584A9 /* Daily_BoostUITestsLaunchTests.swift */ = {isa = PBXFileReference; lastKnownFileType = sourcecode.swift; path = Daily_BoostUITestsLaunchTests.swift; sourceTree = "<group>"; };
		3ACB04032BFEA9EE002584A9 /* HomeScreen.swift */ = {isa = PBXFileReference; lastKnownFileType = sourcecode.swift; path = HomeScreen.swift; sourceTree = "<group>"; };
		3ACB04072BFF1D74002584A9 /* UIScreen+Ext.swift */ = {isa = PBXFileReference; lastKnownFileType = sourcecode.swift; path = "UIScreen+Ext.swift"; sourceTree = "<group>"; };
		3ACE099F2C03C64A00DB9ED6 /* ThemeScreen_8.swift */ = {isa = PBXFileReference; lastKnownFileType = sourcecode.swift; path = ThemeScreen_8.swift; sourceTree = "<group>"; };
		3ACE09A32C0404B300DB9ED6 /* GoogleService-Info.plist */ = {isa = PBXFileReference; fileEncoding = 4; lastKnownFileType = text.plist.xml; path = "GoogleService-Info.plist"; sourceTree = "<group>"; };
		3ACE09B72C04082600DB9ED6 /* ServiceFetch_14.swift */ = {isa = PBXFileReference; lastKnownFileType = sourcecode.swift; path = ServiceFetch_14.swift; sourceTree = "<group>"; };
		3ACE09BE2C04919F00DB9ED6 /* CONSTANTS.swift */ = {isa = PBXFileReference; lastKnownFileType = sourcecode.swift; path = CONSTANTS.swift; sourceTree = "<group>"; };
		3ADE821E2C751719003CB135 /* LoadingView.swift */ = {isa = PBXFileReference; lastKnownFileType = sourcecode.swift; path = LoadingView.swift; sourceTree = "<group>"; };
		3AE349D32C71E5580010D4D9 /* User.swift */ = {isa = PBXFileReference; lastKnownFileType = sourcecode.swift; path = User.swift; sourceTree = "<group>"; };
		3AE349D52C71EC040010D4D9 /* AuthService_13.swift */ = {isa = PBXFileReference; lastKnownFileType = sourcecode.swift; path = AuthService_13.swift; sourceTree = "<group>"; };
		3AEC2B812C005B1D00381A8B /* SettingScreen_6.swift */ = {isa = PBXFileReference; lastKnownFileType = sourcecode.swift; path = SettingScreen_6.swift; sourceTree = "<group>"; };
		3AF788D82D3A3923001BB1A4 /* ForgotPassView.swift */ = {isa = PBXFileReference; lastKnownFileType = sourcecode.swift; path = ForgotPassView.swift; sourceTree = "<group>"; };
		3AFB20042CDABA9E006E51E9 /* ThemeWallpaper.swift */ = {isa = PBXFileReference; lastKnownFileType = sourcecode.swift; path = ThemeWallpaper.swift; sourceTree = "<group>"; };
/* End PBXFileReference section */

/* Begin PBXFileSystemSynchronizedRootGroup section */
		3A5212752CA36F3300D2DE56 /* Cells */ = {isa = PBXFileSystemSynchronizedRootGroup; explicitFileTypes = {}; explicitFolders = (); path = Cells; sourceTree = "<group>"; };
		3AA9CEB92D1A34E900387220 /* Quote_Upload */ = {isa = PBXFileSystemSynchronizedRootGroup; explicitFileTypes = {}; explicitFolders = (); path = Quote_Upload; sourceTree = "<group>"; };
		3AA9CEBA2D1A350800387220 /* Theme_Upload */ = {isa = PBXFileSystemSynchronizedRootGroup; explicitFileTypes = {}; explicitFolders = (); path = Theme_Upload; sourceTree = "<group>"; };
/* End PBXFileSystemSynchronizedRootGroup section */

/* Begin PBXFrameworksBuildPhase section */
		3ACB03D32BFEA9C6002584A9 /* Frameworks */ = {
			isa = PBXFrameworksBuildPhase;
			buildActionMask = 2147483647;
			files = (
				3ACE09AD2C04054600DB9ED6 /* FirebaseDatabaseSwift in Frameworks */,
				3ACE09AB2C04054600DB9ED6 /* FirebaseDatabase in Frameworks */,
				3ACE09A72C04054600DB9ED6 /* FirebaseAuth in Frameworks */,
				3ACE09AF2C04054600DB9ED6 /* FirebaseFirestore in Frameworks */,
				3ACE09B32C04054600DB9ED6 /* FirebaseStorage in Frameworks */,
				3ACE09A92C04054600DB9ED6 /* FirebaseCrashlytics in Frameworks */,
				3ACE09B12C04054600DB9ED6 /* FirebaseFirestoreSwift in Frameworks */,
			);
			runOnlyForDeploymentPostprocessing = 0;
		};
		3ACB03E32BFEA9C8002584A9 /* Frameworks */ = {
			isa = PBXFrameworksBuildPhase;
			buildActionMask = 2147483647;
			files = (
			);
			runOnlyForDeploymentPostprocessing = 0;
		};
		3ACB03ED2BFEA9C8002584A9 /* Frameworks */ = {
			isa = PBXFrameworksBuildPhase;
			buildActionMask = 2147483647;
			files = (
			);
			runOnlyForDeploymentPostprocessing = 0;
		};
/* End PBXFrameworksBuildPhase section */

/* Begin PBXGroup section */
		3A08CCA62C059570000431FF /* Admin Upload */ = {
			isa = PBXGroup;
			children = (
				3A3B27F92D2C57F900448FA5 /* ThemeManager_22.swift */,
				3A783FD32C8591560061BF87 /* HelperUpload_23.swift */,
				3AA9CEB92D1A34E900387220 /* Quote_Upload */,
				3AA9CEBA2D1A350800387220 /* Theme_Upload */,
			);
			path = "Admin Upload";
			sourceTree = "<group>";
		};
		3A16F7E92C0650240057C123 /* Extension */ = {
			isa = PBXGroup;
			children = (
				3A16F7E72C0650190057C123 /* Array+Ext.swift */,
				3ACB04072BFF1D74002584A9 /* UIScreen+Ext.swift */,
				3A4D352A2C76AB0200DC44C8 /* String+Ext.swift */,
				3A83707D2C883B220035F294 /* ExtractTitleAndCate.swift */,
				3A83D3A42CDCC2A000FA0866 /* View+Ext.swift */,
				3A9521522D3CDE890055EAFA /* Date+Ext.swift */,
			);
			path = Extension;
			sourceTree = "<group>";
		};
		3A4665112D3E362600416ECA /* Login */ = {
			isa = PBXGroup;
			children = (
				3A9B49182D34FD1700C97FF4 /* LoginScreen_26.swift */,
				3AF788D82D3A3923001BB1A4 /* ForgotPassView.swift */,
			);
			path = Login;
			sourceTree = "<group>";
		};
		3A522B922C60A38D00B98D24 /* View */ = {
			isa = PBXGroup;
			children = (
				3A522B8E2C60A1ED00B98D24 /* ThemeImgView.swift */,
				3A522B932C60A3C900B98D24 /* ContBtnView.swift */,
				3A9B491C2D35232A00C97FF4 /* ThemeBtnView.swift */,
			);
			path = View;
			sourceTree = "<group>";
		};
		3A9C01C82C010B4D009F23EC /* Models */ = {
			isa = PBXGroup;
			children = (
				3A9C01C62C010B4B009F23EC /* Quote.swift */,
				3A4665142D3EFDCB00416ECA /* LikeQuote.swift */,
				3AE349D32C71E5580010D4D9 /* User.swift */,
				3A9513412CDB151600DA0EFC /* Theme.swift */,
			);
			path = Models;
			sourceTree = "<group>";
		};
		3A9C01CB2C01C40D009F23EC /* Enums */ = {
			isa = PBXGroup;
			children = (
				3AFB20042CDABA9E006E51E9 /* ThemeWallpaper.swift */,
				3A7CF53B2D30530500A23C4E /* FictionOption.swift */,
				3A9C01C92C0116E0009F23EC /* CateTitle.swift */,
				3ACE09BB2C042F3A00DB9ED6 /* Categories */,
			);
			path = Enums;
			sourceTree = "<group>";
		};
		3AC805192C2E256C00D2410F /* Onboarding */ = {
			isa = PBXGroup;
			children = (
				3AE349D52C71EC040010D4D9 /* AuthService_13.swift */,
				3A522B922C60A38D00B98D24 /* View */,
				3A4665112D3E362600416ECA /* Login */,
				3AC8051F2C2E2C3200D2410F /* PurposeScreen_10.swift */,
				3AC8051D2C2E2A0F00D2410F /* TimeScreen_11.swift */,
				3A78D6DB2C656D4800017985 /* WidgetScreen_9.swift */,
				3A9B49162D34F5EE00C97FF4 /* EmailScreen_25.swift */,
				3A78D6DD2C656D5800017985 /* PaywallScreen_12.swift */,
			);
			path = Onboarding;
			sourceTree = "<group>";
		};
		3AC8051A2C2E258D00D2410F /* Screens */ = {
			isa = PBXGroup;
			children = (
				3A4665262D3F7F8000416ECA /* CaptionView.swift */,
				3AC805192C2E256C00D2410F /* Onboarding */,
				3AEC2B832C005B2800381A8B /* Home */,
				3AEC2B842C005B3D00381A8B /* Category */,
				3AEC2B852C005B4A00381A8B /* Setting */,
				3ACE099E2C03C62800DB9ED6 /* Theme */,
			);
			path = Screens;
			sourceTree = "<group>";
		};
		3ACB03CD2BFEA9C6002584A9 = {
			isa = PBXGroup;
			children = (
				3A522B952C60A9AD00B98D24 /* Notes.swift */,
				3ACB03D82BFEA9C6002584A9 /* Daily Boost */,
				3ACB03E92BFEA9C8002584A9 /* Daily BoostTests */,
				3ACB03F32BFEA9C8002584A9 /* Daily BoostUITests */,
				3ACB03D72BFEA9C6002584A9 /* Products */,
			);
			sourceTree = "<group>";
		};
		3ACB03D72BFEA9C6002584A9 /* Products */ = {
			isa = PBXGroup;
			children = (
				3ACB03D62BFEA9C6002584A9 /* Daily Boost.app */,
				3ACB03E62BFEA9C8002584A9 /* Daily BoostTests.xctest */,
				3ACB03F02BFEA9C8002584A9 /* Daily BoostUITests.xctest */,
			);
			name = Products;
			sourceTree = "<group>";
		};
		3ACB03D82BFEA9C6002584A9 /* Daily Boost */ = {
			isa = PBXGroup;
			children = (
				3ACB03D92BFEA9C6002584A9 /* Daily_BoostApp.swift */,
				3AC805212C2E2DCE00D2410F /* MainScreen.swift */,
				3A46C2F92C82D80A00CA824D /* UploadScreen_16.swift */,
				3A08CCA62C059570000431FF /* Admin Upload */,
				3ACE09B62C04080700DB9ED6 /* ServiceManager */,
				3A9C01CB2C01C40D009F23EC /* Enums */,
				3A9C01C82C010B4D009F23EC /* Models */,
				3AC8051A2C2E258D00D2410F /* Screens */,
				3A16F7E92C0650240057C123 /* Extension */,
				3ACE09BE2C04919F00DB9ED6 /* CONSTANTS.swift */,
				3A42F1722C79B419002EE7FE /* Universal_func.swift */,
				3ADE821E2C751719003CB135 /* LoadingView.swift */,
				3ACB03DD2BFEA9C8002584A9 /* Assets.xcassets */,
				3ACE09A32C0404B300DB9ED6 /* GoogleService-Info.plist */,
				3ACB03DF2BFEA9C8002584A9 /* Preview Content */,
			);
			path = "Daily Boost";
			sourceTree = "<group>";
		};
		3ACB03DF2BFEA9C8002584A9 /* Preview Content */ = {
			isa = PBXGroup;
			children = (
				3ACB03E02BFEA9C8002584A9 /* Preview Assets.xcassets */,
			);
			path = "Preview Content";
			sourceTree = "<group>";
		};
		3ACB03E92BFEA9C8002584A9 /* Daily BoostTests */ = {
			isa = PBXGroup;
			children = (
				3ACB03EA2BFEA9C8002584A9 /* Daily_BoostTests.swift */,
			);
			path = "Daily BoostTests";
			sourceTree = "<group>";
		};
		3ACB03F32BFEA9C8002584A9 /* Daily BoostUITests */ = {
			isa = PBXGroup;
			children = (
				3ACB03F42BFEA9C8002584A9 /* Daily_BoostUITests.swift */,
				3ACB03F62BFEA9C8002584A9 /* Daily_BoostUITestsLaunchTests.swift */,
			);
			path = "Daily BoostUITests";
			sourceTree = "<group>";
		};
		3ACE099E2C03C62800DB9ED6 /* Theme */ = {
			isa = PBXGroup;
			children = (
				3ACE099F2C03C64A00DB9ED6 /* ThemeScreen_8.swift */,
				3A1330C12CD8B0A600651237 /* ThemeHScrollV_24.swift */,
				3A82E8D62CDA1B9A00C61383 /* AllThemeScreen_20.swift */,
				3A82E8D42CD9F80800C61383 /* ThemeCell.swift */,
			);
			path = Theme;
			sourceTree = "<group>";
		};
		3ACE09B62C04080700DB9ED6 /* ServiceManager */ = {
			isa = PBXGroup;
			children = (
				3ACE09B72C04082600DB9ED6 /* ServiceFetch_14.swift */,
				3A4D35282C765CF300DC44C8 /* ServiceUpload_15.swift */,
			);
			path = ServiceManager;
			sourceTree = "<group>";
		};
		3ACE09BB2C042F3A00DB9ED6 /* Categories */ = {
			isa = PBXGroup;
			children = (
				3A9C01D82C01E5AC009F23EC /* Cate1_LoveSelf.swift */,
				3A9C01CE2C01C5E4009F23EC /* Cate2_Hard.swift */,
				3A9C01CC2C01C5CA009F23EC /* Cate3_Mood.swift */,
				3A9C01D22C01E574009F23EC /* Cate4_Prod.swift */,
				3A9C01D42C01E58A009F23EC /* Cate5_Relation.swift */,
				3A9C01D62C01E59B009F23EC /* Cate6_Sport.swift */,
				3A9C01D02C01E55D009F23EC /* Cate7_Calm.swift */,
				3A9C01DA2C01E5BD009F23EC /* Cate8_Zodiac.swift */,
			);
			path = Categories;
			sourceTree = "<group>";
		};
		3AEC2B832C005B2800381A8B /* Home */ = {
			isa = PBXGroup;
			children = (
				3ACB04032BFEA9EE002584A9 /* HomeScreen.swift */,
				3A22178E2CA388AF007054AF /* HomeScreenVM_1.swift */,
				3AC128DC2BFFB8EC0089893E /* FeedCellScr_2.swift */,
				3AC128DE2BFFBD830089893E /* InfoScreen_3.swift */,
			);
			path = Home;
			sourceTree = "<group>";
		};
		3AEC2B842C005B3D00381A8B /* Category */ = {
			isa = PBXGroup;
			children = (
				3AC128E02BFFBFEA0089893E /* CategoryScreen_4.swift */,
				3A4779A82C93C84600D68F6B /* CateQuotesScreen_18.swift */,
				3A5212752CA36F3300D2DE56 /* Cells */,
			);
			path = Category;
			sourceTree = "<group>";
		};
		3AEC2B852C005B4A00381A8B /* Setting */ = {
			isa = PBXGroup;
			children = (
				3AEC2B812C005B1D00381A8B /* SettingScreen_6.swift */,
				3A9521542D3D01350055EAFA /* ProfileScreen.swift */,
				3A46650F2D3E12D900416ECA /* ReminderScreen.swift */,
				3A4665242D3F7B4F00416ECA /* LikeQuoteScreen.swift */,
			);
			path = Setting;
			sourceTree = "<group>";
		};
/* End PBXGroup section */

/* Begin PBXNativeTarget section */
		3ACB03D52BFEA9C6002584A9 /* Daily Boost */ = {
			isa = PBXNativeTarget;
			buildConfigurationList = 3ACB03FA2BFEA9C8002584A9 /* Build configuration list for PBXNativeTarget "Daily Boost" */;
			buildPhases = (
				3ACB03D22BFEA9C6002584A9 /* Sources */,
				3ACB03D32BFEA9C6002584A9 /* Frameworks */,
				3ACB03D42BFEA9C6002584A9 /* Resources */,
			);
			buildRules = (
			);
			dependencies = (
			);
			fileSystemSynchronizedGroups = (
				3A5212752CA36F3300D2DE56 /* Cells */,
				3AA9CEB92D1A34E900387220 /* Quote_Upload */,
				3AA9CEBA2D1A350800387220 /* Theme_Upload */,
			);
			name = "Daily Boost";
			packageProductDependencies = (
				3ACE09A62C04054600DB9ED6 /* FirebaseAuth */,
				3ACE09A82C04054600DB9ED6 /* FirebaseCrashlytics */,
				3ACE09AA2C04054600DB9ED6 /* FirebaseDatabase */,
				3ACE09AC2C04054600DB9ED6 /* FirebaseDatabaseSwift */,
				3ACE09AE2C04054600DB9ED6 /* FirebaseFirestore */,
				3ACE09B02C04054600DB9ED6 /* FirebaseFirestoreSwift */,
				3ACE09B22C04054600DB9ED6 /* FirebaseStorage */,
			);
			productName = "Daily Boost";
			productReference = 3ACB03D62BFEA9C6002584A9 /* Daily Boost.app */;
			productType = "com.apple.product-type.application";
		};
		3ACB03E52BFEA9C8002584A9 /* Daily BoostTests */ = {
			isa = PBXNativeTarget;
			buildConfigurationList = 3ACB03FD2BFEA9C8002584A9 /* Build configuration list for PBXNativeTarget "Daily BoostTests" */;
			buildPhases = (
				3ACB03E22BFEA9C8002584A9 /* Sources */,
				3ACB03E32BFEA9C8002584A9 /* Frameworks */,
				3ACB03E42BFEA9C8002584A9 /* Resources */,
			);
			buildRules = (
			);
			dependencies = (
				3ACB03E82BFEA9C8002584A9 /* PBXTargetDependency */,
			);
			name = "Daily BoostTests";
			productName = "Daily BoostTests";
			productReference = 3ACB03E62BFEA9C8002584A9 /* Daily BoostTests.xctest */;
			productType = "com.apple.product-type.bundle.unit-test";
		};
		3ACB03EF2BFEA9C8002584A9 /* Daily BoostUITests */ = {
			isa = PBXNativeTarget;
			buildConfigurationList = 3ACB04002BFEA9C8002584A9 /* Build configuration list for PBXNativeTarget "Daily BoostUITests" */;
			buildPhases = (
				3ACB03EC2BFEA9C8002584A9 /* Sources */,
				3ACB03ED2BFEA9C8002584A9 /* Frameworks */,
				3ACB03EE2BFEA9C8002584A9 /* Resources */,
			);
			buildRules = (
			);
			dependencies = (
				3ACB03F22BFEA9C8002584A9 /* PBXTargetDependency */,
			);
			name = "Daily BoostUITests";
			productName = "Daily BoostUITests";
			productReference = 3ACB03F02BFEA9C8002584A9 /* Daily BoostUITests.xctest */;
			productType = "com.apple.product-type.bundle.ui-testing";
		};
/* End PBXNativeTarget section */

/* Begin PBXProject section */
		3ACB03CE2BFEA9C6002584A9 /* Project object */ = {
			isa = PBXProject;
			attributes = {
				BuildIndependentTargetsInParallel = 1;
				LastSwiftUpdateCheck = 1540;
				LastUpgradeCheck = 1600;
				TargetAttributes = {
					3ACB03D52BFEA9C6002584A9 = {
						CreatedOnToolsVersion = 15.4;
					};
					3ACB03E52BFEA9C8002584A9 = {
						CreatedOnToolsVersion = 15.4;
						TestTargetID = 3ACB03D52BFEA9C6002584A9;
					};
					3ACB03EF2BFEA9C8002584A9 = {
						CreatedOnToolsVersion = 15.4;
						TestTargetID = 3ACB03D52BFEA9C6002584A9;
					};
				};
			};
			buildConfigurationList = 3ACB03D12BFEA9C6002584A9 /* Build configuration list for PBXProject "Daily Boost" */;
			compatibilityVersion = "Xcode 14.0";
			developmentRegion = en;
			hasScannedForEncodings = 0;
			knownRegions = (
				en,
				Base,
			);
			mainGroup = 3ACB03CD2BFEA9C6002584A9;
			packageReferences = (
				3ACE09A52C04054500DB9ED6 /* XCRemoteSwiftPackageReference "firebase-ios-sdk" */,
			);
			productRefGroup = 3ACB03D72BFEA9C6002584A9 /* Products */;
			projectDirPath = "";
			projectRoot = "";
			targets = (
				3ACB03D52BFEA9C6002584A9 /* Daily Boost */,
				3ACB03E52BFEA9C8002584A9 /* Daily BoostTests */,
				3ACB03EF2BFEA9C8002584A9 /* Daily BoostUITests */,
			);
		};
/* End PBXProject section */

/* Begin PBXResourcesBuildPhase section */
		3ACB03D42BFEA9C6002584A9 /* Resources */ = {
			isa = PBXResourcesBuildPhase;
			buildActionMask = 2147483647;
			files = (
				3ACB03E12BFEA9C8002584A9 /* Preview Assets.xcassets in Resources */,
				3ACB03DE2BFEA9C8002584A9 /* Assets.xcassets in Resources */,
				3ACE09A42C0404B300DB9ED6 /* GoogleService-Info.plist in Resources */,
			);
			runOnlyForDeploymentPostprocessing = 0;
		};
		3ACB03E42BFEA9C8002584A9 /* Resources */ = {
			isa = PBXResourcesBuildPhase;
			buildActionMask = 2147483647;
			files = (
			);
			runOnlyForDeploymentPostprocessing = 0;
		};
		3ACB03EE2BFEA9C8002584A9 /* Resources */ = {
			isa = PBXResourcesBuildPhase;
			buildActionMask = 2147483647;
			files = (
			);
			runOnlyForDeploymentPostprocessing = 0;
		};
/* End PBXResourcesBuildPhase section */

/* Begin PBXSourcesBuildPhase section */
		3ACB03D22BFEA9C6002584A9 /* Sources */ = {
			isa = PBXSourcesBuildPhase;
			buildActionMask = 2147483647;
			files = (
				3A42F1732C79B419002EE7FE /* Universal_func.swift in Sources */,
				3A9C01D32C01E574009F23EC /* Cate4_Prod.swift in Sources */,
				3A1330C22CD8B0A600651237 /* ThemeHScrollV_24.swift in Sources */,
				3A7CF53C2D30530500A23C4E /* FictionOption.swift in Sources */,
				3A9521552D3D01350055EAFA /* ProfileScreen.swift in Sources */,
				3A3B27FA2D2C57F900448FA5 /* ThemeManager_22.swift in Sources */,
				3A522B962C60A9AD00B98D24 /* Notes.swift in Sources */,
				3A9C01D12C01E55D009F23EC /* Cate7_Calm.swift in Sources */,
				3ACE09A02C03C64B00DB9ED6 /* ThemeScreen_8.swift in Sources */,
				3AE349D62C71EC040010D4D9 /* AuthService_13.swift in Sources */,
				3A9B491D2D35232A00C97FF4 /* ThemeBtnView.swift in Sources */,
				3A4665102D3E12D900416ECA /* ReminderScreen.swift in Sources */,
				3A783FD42C8591560061BF87 /* HelperUpload_23.swift in Sources */,
				3A4779A92C93C84600D68F6B /* CateQuotesScreen_18.swift in Sources */,
				3ACB03DA2BFEA9C6002584A9 /* Daily_BoostApp.swift in Sources */,
				3A9B49192D34FD1700C97FF4 /* LoginScreen_26.swift in Sources */,
				3A16F7E82C0650190057C123 /* Array+Ext.swift in Sources */,
				3AF788D92D3A3923001BB1A4 /* ForgotPassView.swift in Sources */,
				3AFB20052CDABA9E006E51E9 /* ThemeWallpaper.swift in Sources */,
				3AC128DD2BFFB8EC0089893E /* FeedCellScr_2.swift in Sources */,
				3ADE821F2C751719003CB135 /* LoadingView.swift in Sources */,
				3ACB04042BFEA9EE002584A9 /* HomeScreen.swift in Sources */,
				3AC805202C2E2C3200D2410F /* PurposeScreen_10.swift in Sources */,
				3A82E8D52CD9F80800C61383 /* ThemeCell.swift in Sources */,
				3A9C01D72C01E59B009F23EC /* Cate6_Sport.swift in Sources */,
				3A4665272D3F7F8000416ECA /* CaptionView.swift in Sources */,
				3AC8051E2C2E2A0F00D2410F /* TimeScreen_11.swift in Sources */,
				3A83D3A52CDCC2A000FA0866 /* View+Ext.swift in Sources */,
				3A9C01CF2C01C5E4009F23EC /* Cate2_Hard.swift in Sources */,
				3A9C01C72C010B4C009F23EC /* Quote.swift in Sources */,
				3ACE09B82C04082600DB9ED6 /* ServiceFetch_14.swift in Sources */,
				3AE349D42C71E5580010D4D9 /* User.swift in Sources */,
				3A82E8D72CDA1B9A00C61383 /* AllThemeScreen_20.swift in Sources */,
				3AEC2B822C005B1D00381A8B /* SettingScreen_6.swift in Sources */,
				3AC128E12BFFBFEA0089893E /* CategoryScreen_4.swift in Sources */,
				3A9C01CA2C0116E0009F23EC /* CateTitle.swift in Sources */,
				3A4665252D3F7B4F00416ECA /* LikeQuoteScreen.swift in Sources */,
				3A46C2FA2C82D80A00CA824D /* UploadScreen_16.swift in Sources */,
				3A4D352B2C76AB0200DC44C8 /* String+Ext.swift in Sources */,
				3A9C01D92C01E5AC009F23EC /* Cate1_LoveSelf.swift in Sources */,
				3A9521532D3CDE890055EAFA /* Date+Ext.swift in Sources */,
				3ACE09BF2C0491A000DB9ED6 /* CONSTANTS.swift in Sources */,
				3A522B942C60A3C900B98D24 /* ContBtnView.swift in Sources */,
				3A9513422CDB151600DA0EFC /* Theme.swift in Sources */,
				3A9C01DB2C01E5BD009F23EC /* Cate8_Zodiac.swift in Sources */,
				3A22178F2CA388AF007054AF /* HomeScreenVM_1.swift in Sources */,
				3A83707E2C883B220035F294 /* ExtractTitleAndCate.swift in Sources */,
				3A9C01CD2C01C5CA009F23EC /* Cate3_Mood.swift in Sources */,
				3AC128DF2BFFBD830089893E /* InfoScreen_3.swift in Sources */,
				3AC805222C2E2DCE00D2410F /* MainScreen.swift in Sources */,
				3A522B8F2C60A1ED00B98D24 /* ThemeImgView.swift in Sources */,
				3ACB04082BFF1D74002584A9 /* UIScreen+Ext.swift in Sources */,
				3A9C01D52C01E58A009F23EC /* Cate5_Relation.swift in Sources */,
				3A4665152D3EFDCB00416ECA /* LikeQuote.swift in Sources */,
				3A9B49172D34F5EE00C97FF4 /* EmailScreen_25.swift in Sources */,
				3A4D35292C765CF300DC44C8 /* ServiceUpload_15.swift in Sources */,
				3A78D6DE2C656D5800017985 /* PaywallScreen_12.swift in Sources */,
				3A78D6DC2C656D4800017985 /* WidgetScreen_9.swift in Sources */,
			);
			runOnlyForDeploymentPostprocessing = 0;
		};
		3ACB03E22BFEA9C8002584A9 /* Sources */ = {
			isa = PBXSourcesBuildPhase;
			buildActionMask = 2147483647;
			files = (
				3ACB03EB2BFEA9C8002584A9 /* Daily_BoostTests.swift in Sources */,
			);
			runOnlyForDeploymentPostprocessing = 0;
		};
		3ACB03EC2BFEA9C8002584A9 /* Sources */ = {
			isa = PBXSourcesBuildPhase;
			buildActionMask = 2147483647;
			files = (
				3ACB03F72BFEA9C8002584A9 /* Daily_BoostUITestsLaunchTests.swift in Sources */,
				3ACB03F52BFEA9C8002584A9 /* Daily_BoostUITests.swift in Sources */,
			);
			runOnlyForDeploymentPostprocessing = 0;
		};
/* End PBXSourcesBuildPhase section */

/* Begin PBXTargetDependency section */
		3ACB03E82BFEA9C8002584A9 /* PBXTargetDependency */ = {
			isa = PBXTargetDependency;
			target = 3ACB03D52BFEA9C6002584A9 /* Daily Boost */;
			targetProxy = 3ACB03E72BFEA9C8002584A9 /* PBXContainerItemProxy */;
		};
		3ACB03F22BFEA9C8002584A9 /* PBXTargetDependency */ = {
			isa = PBXTargetDependency;
			target = 3ACB03D52BFEA9C6002584A9 /* Daily Boost */;
			targetProxy = 3ACB03F12BFEA9C8002584A9 /* PBXContainerItemProxy */;
		};
/* End PBXTargetDependency section */

/* Begin XCBuildConfiguration section */
		3ACB03F82BFEA9C8002584A9 /* Debug */ = {
			isa = XCBuildConfiguration;
			buildSettings = {
				ALWAYS_SEARCH_USER_PATHS = NO;
				ASSETCATALOG_COMPILER_GENERATE_SWIFT_ASSET_SYMBOL_EXTENSIONS = YES;
				CLANG_ANALYZER_NONNULL = YES;
				CLANG_ANALYZER_NUMBER_OBJECT_CONVERSION = YES_AGGRESSIVE;
				CLANG_CXX_LANGUAGE_STANDARD = "gnu++20";
				CLANG_ENABLE_MODULES = YES;
				CLANG_ENABLE_OBJC_ARC = YES;
				CLANG_ENABLE_OBJC_WEAK = YES;
				CLANG_WARN_BLOCK_CAPTURE_AUTORELEASING = YES;
				CLANG_WARN_BOOL_CONVERSION = YES;
				CLANG_WARN_COMMA = YES;
				CLANG_WARN_CONSTANT_CONVERSION = YES;
				CLANG_WARN_DEPRECATED_OBJC_IMPLEMENTATIONS = YES;
				CLANG_WARN_DIRECT_OBJC_ISA_USAGE = YES_ERROR;
				CLANG_WARN_DOCUMENTATION_COMMENTS = YES;
				CLANG_WARN_EMPTY_BODY = YES;
				CLANG_WARN_ENUM_CONVERSION = YES;
				CLANG_WARN_INFINITE_RECURSION = YES;
				CLANG_WARN_INT_CONVERSION = YES;
				CLANG_WARN_NON_LITERAL_NULL_CONVERSION = YES;
				CLANG_WARN_OBJC_IMPLICIT_RETAIN_SELF = YES;
				CLANG_WARN_OBJC_LITERAL_CONVERSION = YES;
				CLANG_WARN_OBJC_ROOT_CLASS = YES_ERROR;
				CLANG_WARN_QUOTED_INCLUDE_IN_FRAMEWORK_HEADER = YES;
				CLANG_WARN_RANGE_LOOP_ANALYSIS = YES;
				CLANG_WARN_STRICT_PROTOTYPES = YES;
				CLANG_WARN_SUSPICIOUS_MOVE = YES;
				CLANG_WARN_UNGUARDED_AVAILABILITY = YES_AGGRESSIVE;
				CLANG_WARN_UNREACHABLE_CODE = YES;
				CLANG_WARN__DUPLICATE_METHOD_MATCH = YES;
				COPY_PHASE_STRIP = NO;
				DEBUG_INFORMATION_FORMAT = dwarf;
				ENABLE_STRICT_OBJC_MSGSEND = YES;
				ENABLE_TESTABILITY = YES;
				ENABLE_USER_SCRIPT_SANDBOXING = YES;
				GCC_C_LANGUAGE_STANDARD = gnu17;
				GCC_DYNAMIC_NO_PIC = NO;
				GCC_NO_COMMON_BLOCKS = YES;
				GCC_OPTIMIZATION_LEVEL = 0;
				GCC_PREPROCESSOR_DEFINITIONS = (
					"DEBUG=1",
					"$(inherited)",
				);
				GCC_WARN_64_TO_32_BIT_CONVERSION = YES;
				GCC_WARN_ABOUT_RETURN_TYPE = YES_ERROR;
				GCC_WARN_UNDECLARED_SELECTOR = YES;
				GCC_WARN_UNINITIALIZED_AUTOS = YES_AGGRESSIVE;
				GCC_WARN_UNUSED_FUNCTION = YES;
				GCC_WARN_UNUSED_VARIABLE = YES;
				IPHONEOS_DEPLOYMENT_TARGET = 17.5;
				LOCALIZATION_PREFERS_STRING_CATALOGS = YES;
				MTL_ENABLE_DEBUG_INFO = INCLUDE_SOURCE;
				MTL_FAST_MATH = YES;
				ONLY_ACTIVE_ARCH = YES;
				SDKROOT = iphoneos;
				SWIFT_ACTIVE_COMPILATION_CONDITIONS = "DEBUG $(inherited)";
				SWIFT_OPTIMIZATION_LEVEL = "-Onone";
			};
			name = Debug;
		};
		3ACB03F92BFEA9C8002584A9 /* Release */ = {
			isa = XCBuildConfiguration;
			buildSettings = {
				ALWAYS_SEARCH_USER_PATHS = NO;
				ASSETCATALOG_COMPILER_GENERATE_SWIFT_ASSET_SYMBOL_EXTENSIONS = YES;
				CLANG_ANALYZER_NONNULL = YES;
				CLANG_ANALYZER_NUMBER_OBJECT_CONVERSION = YES_AGGRESSIVE;
				CLANG_CXX_LANGUAGE_STANDARD = "gnu++20";
				CLANG_ENABLE_MODULES = YES;
				CLANG_ENABLE_OBJC_ARC = YES;
				CLANG_ENABLE_OBJC_WEAK = YES;
				CLANG_WARN_BLOCK_CAPTURE_AUTORELEASING = YES;
				CLANG_WARN_BOOL_CONVERSION = YES;
				CLANG_WARN_COMMA = YES;
				CLANG_WARN_CONSTANT_CONVERSION = YES;
				CLANG_WARN_DEPRECATED_OBJC_IMPLEMENTATIONS = YES;
				CLANG_WARN_DIRECT_OBJC_ISA_USAGE = YES_ERROR;
				CLANG_WARN_DOCUMENTATION_COMMENTS = YES;
				CLANG_WARN_EMPTY_BODY = YES;
				CLANG_WARN_ENUM_CONVERSION = YES;
				CLANG_WARN_INFINITE_RECURSION = YES;
				CLANG_WARN_INT_CONVERSION = YES;
				CLANG_WARN_NON_LITERAL_NULL_CONVERSION = YES;
				CLANG_WARN_OBJC_IMPLICIT_RETAIN_SELF = YES;
				CLANG_WARN_OBJC_LITERAL_CONVERSION = YES;
				CLANG_WARN_OBJC_ROOT_CLASS = YES_ERROR;
				CLANG_WARN_QUOTED_INCLUDE_IN_FRAMEWORK_HEADER = YES;
				CLANG_WARN_RANGE_LOOP_ANALYSIS = YES;
				CLANG_WARN_STRICT_PROTOTYPES = YES;
				CLANG_WARN_SUSPICIOUS_MOVE = YES;
				CLANG_WARN_UNGUARDED_AVAILABILITY = YES_AGGRESSIVE;
				CLANG_WARN_UNREACHABLE_CODE = YES;
				CLANG_WARN__DUPLICATE_METHOD_MATCH = YES;
				COPY_PHASE_STRIP = NO;
				DEBUG_INFORMATION_FORMAT = "dwarf-with-dsym";
				ENABLE_NS_ASSERTIONS = NO;
				ENABLE_STRICT_OBJC_MSGSEND = YES;
				ENABLE_USER_SCRIPT_SANDBOXING = YES;
				GCC_C_LANGUAGE_STANDARD = gnu17;
				GCC_NO_COMMON_BLOCKS = YES;
				GCC_WARN_64_TO_32_BIT_CONVERSION = YES;
				GCC_WARN_ABOUT_RETURN_TYPE = YES_ERROR;
				GCC_WARN_UNDECLARED_SELECTOR = YES;
				GCC_WARN_UNINITIALIZED_AUTOS = YES_AGGRESSIVE;
				GCC_WARN_UNUSED_FUNCTION = YES;
				GCC_WARN_UNUSED_VARIABLE = YES;
				IPHONEOS_DEPLOYMENT_TARGET = 17.5;
				LOCALIZATION_PREFERS_STRING_CATALOGS = YES;
				MTL_ENABLE_DEBUG_INFO = NO;
				MTL_FAST_MATH = YES;
				SDKROOT = iphoneos;
				SWIFT_COMPILATION_MODE = wholemodule;
				VALIDATE_PRODUCT = YES;
			};
			name = Release;
		};
		3ACB03FB2BFEA9C8002584A9 /* Debug */ = {
			isa = XCBuildConfiguration;
			buildSettings = {
				ASSETCATALOG_COMPILER_APPICON_NAME = AppIcon;
				ASSETCATALOG_COMPILER_GLOBAL_ACCENT_COLOR_NAME = AccentColor;
				CODE_SIGN_STYLE = Automatic;
				CURRENT_PROJECT_VERSION = 1;
				DEVELOPMENT_ASSET_PATHS = "\"Daily Boost/Preview Content\"";
				DEVELOPMENT_TEAM = 7Q54M9F3YT;
				ENABLE_PREVIEWS = YES;
				GENERATE_INFOPLIST_FILE = YES;
				INFOPLIST_KEY_CFBundleDisplayName = "Daily Boost";
				INFOPLIST_KEY_LSApplicationCategoryType = "public.app-category.healthcare-fitness";
				INFOPLIST_KEY_UIApplicationSceneManifest_Generation = YES;
				INFOPLIST_KEY_UIApplicationSupportsIndirectInputEvents = YES;
				INFOPLIST_KEY_UILaunchScreen_Generation = YES;
				INFOPLIST_KEY_UISupportedInterfaceOrientations = UIInterfaceOrientationPortrait;
				IPHONEOS_DEPLOYMENT_TARGET = 16.0;
				LD_RUNPATH_SEARCH_PATHS = (
					"$(inherited)",
					"@executable_path/Frameworks",
				);
				MARKETING_VERSION = 1.0;
				PRODUCT_BUNDLE_IDENTIFIER = "com.Daily-Boost.app.Daily-Boost";
				PRODUCT_NAME = "$(TARGET_NAME)";
				SWIFT_EMIT_LOC_STRINGS = YES;
				SWIFT_VERSION = 5.0;
				TARGETED_DEVICE_FAMILY = "1,2";
			};
			name = Debug;
		};
		3ACB03FC2BFEA9C8002584A9 /* Release */ = {
			isa = XCBuildConfiguration;
			buildSettings = {
				ASSETCATALOG_COMPILER_APPICON_NAME = AppIcon;
				ASSETCATALOG_COMPILER_GLOBAL_ACCENT_COLOR_NAME = AccentColor;
				CODE_SIGN_STYLE = Automatic;
				CURRENT_PROJECT_VERSION = 1;
				DEVELOPMENT_ASSET_PATHS = "\"Daily Boost/Preview Content\"";
				DEVELOPMENT_TEAM = 7Q54M9F3YT;
				ENABLE_PREVIEWS = YES;
				GENERATE_INFOPLIST_FILE = YES;
				INFOPLIST_KEY_CFBundleDisplayName = "Daily Boost";
				INFOPLIST_KEY_LSApplicationCategoryType = "public.app-category.healthcare-fitness";
				INFOPLIST_KEY_UIApplicationSceneManifest_Generation = YES;
				INFOPLIST_KEY_UIApplicationSupportsIndirectInputEvents = YES;
				INFOPLIST_KEY_UILaunchScreen_Generation = YES;
				INFOPLIST_KEY_UISupportedInterfaceOrientations = UIInterfaceOrientationPortrait;
				IPHONEOS_DEPLOYMENT_TARGET = 16.0;
				LD_RUNPATH_SEARCH_PATHS = (
					"$(inherited)",
					"@executable_path/Frameworks",
				);
				MARKETING_VERSION = 1.0;
				PRODUCT_BUNDLE_IDENTIFIER = "com.Daily-Boost.app.Daily-Boost";
				PRODUCT_NAME = "$(TARGET_NAME)";
				SWIFT_EMIT_LOC_STRINGS = YES;
				SWIFT_VERSION = 5.0;
				TARGETED_DEVICE_FAMILY = "1,2";
			};
			name = Release;
		};
		3ACB03FE2BFEA9C8002584A9 /* Debug */ = {
			isa = XCBuildConfiguration;
			buildSettings = {
				BUNDLE_LOADER = "$(TEST_HOST)";
				CODE_SIGN_STYLE = Automatic;
				CURRENT_PROJECT_VERSION = 1;
				DEVELOPMENT_TEAM = 7Q54M9F3YT;
				GENERATE_INFOPLIST_FILE = YES;
				IPHONEOS_DEPLOYMENT_TARGET = 17.5;
				MARKETING_VERSION = 1.0;
				PRODUCT_BUNDLE_IDENTIFIER = "com.Daily-Boost.app.Daily-BoostTests";
				PRODUCT_NAME = "$(TARGET_NAME)";
				SWIFT_EMIT_LOC_STRINGS = NO;
				SWIFT_VERSION = 5.0;
				TARGETED_DEVICE_FAMILY = "1,2";
				TEST_HOST = "$(BUILT_PRODUCTS_DIR)/Daily Boost.app/$(BUNDLE_EXECUTABLE_FOLDER_PATH)/Daily Boost";
			};
			name = Debug;
		};
		3ACB03FF2BFEA9C8002584A9 /* Release */ = {
			isa = XCBuildConfiguration;
			buildSettings = {
				BUNDLE_LOADER = "$(TEST_HOST)";
				CODE_SIGN_STYLE = Automatic;
				CURRENT_PROJECT_VERSION = 1;
				DEVELOPMENT_TEAM = 7Q54M9F3YT;
				GENERATE_INFOPLIST_FILE = YES;
				IPHONEOS_DEPLOYMENT_TARGET = 17.5;
				MARKETING_VERSION = 1.0;
				PRODUCT_BUNDLE_IDENTIFIER = "com.Daily-Boost.app.Daily-BoostTests";
				PRODUCT_NAME = "$(TARGET_NAME)";
				SWIFT_EMIT_LOC_STRINGS = NO;
				SWIFT_VERSION = 5.0;
				TARGETED_DEVICE_FAMILY = "1,2";
				TEST_HOST = "$(BUILT_PRODUCTS_DIR)/Daily Boost.app/$(BUNDLE_EXECUTABLE_FOLDER_PATH)/Daily Boost";
			};
			name = Release;
		};
		3ACB04012BFEA9C8002584A9 /* Debug */ = {
			isa = XCBuildConfiguration;
			buildSettings = {
				CODE_SIGN_STYLE = Automatic;
				CURRENT_PROJECT_VERSION = 1;
				DEVELOPMENT_TEAM = 7Q54M9F3YT;
				GENERATE_INFOPLIST_FILE = YES;
				MARKETING_VERSION = 1.0;
				PRODUCT_BUNDLE_IDENTIFIER = "com.Daily-Boost.app.Daily-BoostUITests";
				PRODUCT_NAME = "$(TARGET_NAME)";
				SWIFT_EMIT_LOC_STRINGS = NO;
				SWIFT_VERSION = 5.0;
				TARGETED_DEVICE_FAMILY = "1,2";
				TEST_TARGET_NAME = "Daily Boost";
			};
			name = Debug;
		};
		3ACB04022BFEA9C8002584A9 /* Release */ = {
			isa = XCBuildConfiguration;
			buildSettings = {
				CODE_SIGN_STYLE = Automatic;
				CURRENT_PROJECT_VERSION = 1;
				DEVELOPMENT_TEAM = 7Q54M9F3YT;
				GENERATE_INFOPLIST_FILE = YES;
				MARKETING_VERSION = 1.0;
				PRODUCT_BUNDLE_IDENTIFIER = "com.Daily-Boost.app.Daily-BoostUITests";
				PRODUCT_NAME = "$(TARGET_NAME)";
				SWIFT_EMIT_LOC_STRINGS = NO;
				SWIFT_VERSION = 5.0;
				TARGETED_DEVICE_FAMILY = "1,2";
				TEST_TARGET_NAME = "Daily Boost";
			};
			name = Release;
		};
/* End XCBuildConfiguration section */

/* Begin XCConfigurationList section */
		3ACB03D12BFEA9C6002584A9 /* Build configuration list for PBXProject "Daily Boost" */ = {
			isa = XCConfigurationList;
			buildConfigurations = (
				3ACB03F82BFEA9C8002584A9 /* Debug */,
				3ACB03F92BFEA9C8002584A9 /* Release */,
			);
			defaultConfigurationIsVisible = 0;
			defaultConfigurationName = Release;
		};
		3ACB03FA2BFEA9C8002584A9 /* Build configuration list for PBXNativeTarget "Daily Boost" */ = {
			isa = XCConfigurationList;
			buildConfigurations = (
				3ACB03FB2BFEA9C8002584A9 /* Debug */,
				3ACB03FC2BFEA9C8002584A9 /* Release */,
			);
			defaultConfigurationIsVisible = 0;
			defaultConfigurationName = Release;
		};
		3ACB03FD2BFEA9C8002584A9 /* Build configuration list for PBXNativeTarget "Daily BoostTests" */ = {
			isa = XCConfigurationList;
			buildConfigurations = (
				3ACB03FE2BFEA9C8002584A9 /* Debug */,
				3ACB03FF2BFEA9C8002584A9 /* Release */,
			);
			defaultConfigurationIsVisible = 0;
			defaultConfigurationName = Release;
		};
		3ACB04002BFEA9C8002584A9 /* Build configuration list for PBXNativeTarget "Daily BoostUITests" */ = {
			isa = XCConfigurationList;
			buildConfigurations = (
				3ACB04012BFEA9C8002584A9 /* Debug */,
				3ACB04022BFEA9C8002584A9 /* Release */,
			);
			defaultConfigurationIsVisible = 0;
			defaultConfigurationName = Release;
		};
/* End XCConfigurationList section */

/* Begin XCRemoteSwiftPackageReference section */
		3ACE09A52C04054500DB9ED6 /* XCRemoteSwiftPackageReference "firebase-ios-sdk" */ = {
			isa = XCRemoteSwiftPackageReference;
			repositoryURL = "https://github.com/firebase/firebase-ios-sdk";
			requirement = {
				kind = upToNextMajorVersion;
				minimumVersion = 10.26.0;
			};
		};
/* End XCRemoteSwiftPackageReference section */

/* Begin XCSwiftPackageProductDependency section */
		3ACE09A62C04054600DB9ED6 /* FirebaseAuth */ = {
			isa = XCSwiftPackageProductDependency;
			package = 3ACE09A52C04054500DB9ED6 /* XCRemoteSwiftPackageReference "firebase-ios-sdk" */;
			productName = FirebaseAuth;
		};
		3ACE09A82C04054600DB9ED6 /* FirebaseCrashlytics */ = {
			isa = XCSwiftPackageProductDependency;
			package = 3ACE09A52C04054500DB9ED6 /* XCRemoteSwiftPackageReference "firebase-ios-sdk" */;
			productName = FirebaseCrashlytics;
		};
		3ACE09AA2C04054600DB9ED6 /* FirebaseDatabase */ = {
			isa = XCSwiftPackageProductDependency;
			package = 3ACE09A52C04054500DB9ED6 /* XCRemoteSwiftPackageReference "firebase-ios-sdk" */;
			productName = FirebaseDatabase;
		};
		3ACE09AC2C04054600DB9ED6 /* FirebaseDatabaseSwift */ = {
			isa = XCSwiftPackageProductDependency;
			package = 3ACE09A52C04054500DB9ED6 /* XCRemoteSwiftPackageReference "firebase-ios-sdk" */;
			productName = FirebaseDatabaseSwift;
		};
		3ACE09AE2C04054600DB9ED6 /* FirebaseFirestore */ = {
			isa = XCSwiftPackageProductDependency;
			package = 3ACE09A52C04054500DB9ED6 /* XCRemoteSwiftPackageReference "firebase-ios-sdk" */;
			productName = FirebaseFirestore;
		};
		3ACE09B02C04054600DB9ED6 /* FirebaseFirestoreSwift */ = {
			isa = XCSwiftPackageProductDependency;
			package = 3ACE09A52C04054500DB9ED6 /* XCRemoteSwiftPackageReference "firebase-ios-sdk" */;
			productName = FirebaseFirestoreSwift;
		};
		3ACE09B22C04054600DB9ED6 /* FirebaseStorage */ = {
			isa = XCSwiftPackageProductDependency;
			package = 3ACE09A52C04054500DB9ED6 /* XCRemoteSwiftPackageReference "firebase-ios-sdk" */;
			productName = FirebaseStorage;
		};
/* End XCSwiftPackageProductDependency section */
	};
	rootObject = 3ACB03CE2BFEA9C6002584A9 /* Project object */;
}
